{
  "name": "aws-cdk-amplify-console-app",
  "version": "1.0.0",
  "lockfileVersion": 1,
  "requires": true,
  "dependencies": {
    "@aws-cdk/aws-amplify": {
      "version": "1.21.1",
      "resolved": "https://registry.npmjs.org/@aws-cdk/aws-amplify/-/aws-amplify-1.21.1.tgz",
      "integrity": "sha512-h4pgFS3mIiR9+FVEP+twi9/DHEyD3Ec0uFhHsPpiGO+kGLk32L1BmwX3OfCNhsrm4lG8O2JVUJFcyoOz6a0BUQ==",
      "requires": {
        "@aws-cdk/core": "1.21.1"
      }
    },
    "@aws-cdk/core": {
      "version": "1.21.1",
      "resolved": "https://registry.npmjs.org/@aws-cdk/core/-/core-1.21.1.tgz",
      "integrity": "sha512-2gmvxyTWhYIrnGRW8Wg0yfZKogYk8H7D8CNIhX79HaF0u7fMnL8MMo9HC7cfiqxkGjFMm851U3ogrjj3chmzyg==",
      "requires": {
        "@aws-cdk/cx-api": "1.21.1"
      }
    },
    "@aws-cdk/cx-api": {
      "version": "1.21.1",
      "resolved": "https://registry.npmjs.org/@aws-cdk/cx-api/-/cx-api-1.21.1.tgz",
      "integrity": "sha512-GRvRjq/8LXOCCUQi/GFbgHH/x+RkAMIile13yU+UHeXJSI8nV6B+NmJw/bZWg773MVRBq7OMAD0srR9hnZdqHA==",
      "requires": {
        "semver": "^7.1.1"
      },
      "dependencies": {
        "semver": {
          "version": "7.1.1",
          "bundled": true
        }
      }
    },
    "@types/node": {
      "version": "13.1.8",
      "resolved": "https://registry.npmjs.org/@types/node/-/node-13.1.8.tgz",
      "integrity": "sha512-6XzyyNM9EKQW4HKuzbo/CkOIjn/evtCmsU+MUM1xDfJ+3/rNjBttM1NgN7AOQvN6tP1Sl1D1PIKMreTArnxM9A==",
      "dev": true
    },
    "typescript": {
      "version": "3.7.5",
      "resolved": "https://registry.npmjs.org/typescript/-/typescript-3.7.5.tgz",
      "integrity": "sha512-/P5lkRXkWHNAbcJIiHPfRoKqyd7bsyCma1hZNUGfn20qm64T6ZBlrzprymeu918H+mB/0rIg2gGK/BXkhhYgBw==",
      "dev": true
    }
  }
}
