{
  "name": "api-lambda-crud-dynamodb",
  "version": "1.0.0",
  "lockfileVersion": 1,
  "requires": true,
  "dependencies": {
    "@aws-cdk/assets": {
      "version": "1.22.0",
      "resolved": "https://registry.npmjs.org/@aws-cdk/assets/-/assets-1.22.0.tgz",
      "integrity": "sha512-IIu96KjoYPtMwPPfM1qF/o0e89hN5/Aa5Jlpu1vQyAFD9S/CkLe000gXKPuc//PmbCEnEqoWSECTAb44dkMjdA==",
      "requires": {
        "@aws-cdk/core": "1.22.0",
        "@aws-cdk/cx-api": "1.22.0",
        "minimatch": "^3.0.4"
      },
      "dependencies": {
        "balanced-match": {
          "version": "1.0.0",
          "bundled": true
        },
        "brace-expansion": {
          "version": "1.1.11",
          "bundled": true,
          "requires": {
            "balanced-match": "^1.0.0",
            "concat-map": "0.0.1"
          }
        },
        "concat-map": {
          "version": "0.0.1",
          "bundled": true
        },
        "minimatch": {
          "version": "3.0.4",
          "bundled": true,
          "requires": {
            "brace-expansion": "^1.1.7"
          }
        }
      }
    },
    "@aws-cdk/aws-apigateway": {
      "version": "1.22.0",
      "resolved": "https://registry.npmjs.org/@aws-cdk/aws-apigateway/-/aws-apigateway-1.22.0.tgz",
      "integrity": "sha512-N+SNi4ruUHh7QeDaeuQscwBe88LFtsKfitYAgWwxZdDXMUbKw/Bz3u8mHjmvQTcMnJ2sFn7wbRvy3Gj/aEdZJw==",
      "requires": {
        "@aws-cdk/aws-certificatemanager": "1.22.0",
        "@aws-cdk/aws-elasticloadbalancingv2": "1.22.0",
        "@aws-cdk/aws-iam": "1.22.0",
        "@aws-cdk/aws-lambda": "1.22.0",
        "@aws-cdk/core": "1.22.0"
      }
    },
    "@aws-cdk/aws-applicationautoscaling": {
      "version": "1.22.0",
      "resolved": "https://registry.npmjs.org/@aws-cdk/aws-applicationautoscaling/-/aws-applicationautoscaling-1.22.0.tgz",
      "integrity": "sha512-OEh1eJh/LMbWxdxYrGYBDUzNgNEoCRVv/+OsCGYHnBg65eNgvmGLdtusUfdprevx6lNzr4woYZY13ftiMoB8Qw==",
      "requires": {
        "@aws-cdk/aws-autoscaling-common": "1.22.0",
        "@aws-cdk/aws-cloudwatch": "1.22.0",
        "@aws-cdk/aws-iam": "1.22.0",
        "@aws-cdk/core": "1.22.0"
      }
    },
    "@aws-cdk/aws-autoscaling-common": {
      "version": "1.22.0",
      "resolved": "https://registry.npmjs.org/@aws-cdk/aws-autoscaling-common/-/aws-autoscaling-common-1.22.0.tgz",
      "integrity": "sha512-onMnNB3qiU0Q0JSoEKkE6YxRiZ++LG6paV8Zqjzatq6gkzieAGgJM5ebBWXiqnxkkaBAQGxk4jB7UqLFh9FG5w==",
      "requires": {
        "@aws-cdk/aws-iam": "1.22.0",
        "@aws-cdk/core": "1.22.0"
      }
    },
    "@aws-cdk/aws-certificatemanager": {
      "version": "1.22.0",
      "resolved": "https://registry.npmjs.org/@aws-cdk/aws-certificatemanager/-/aws-certificatemanager-1.22.0.tgz",
      "integrity": "sha512-0sKB0e8E8AmiYHVgVzRjGkywG91P6Eikk6wUcYz/aZQS4E9UlMhy5AtWpwZ9VljcULslgtwP6ckackAR9c5vQQ==",
      "requires": {
        "@aws-cdk/aws-cloudformation": "1.22.0",
        "@aws-cdk/aws-iam": "1.22.0",
        "@aws-cdk/aws-lambda": "1.22.0",
        "@aws-cdk/aws-route53": "1.22.0",
        "@aws-cdk/core": "1.22.0"
      }
    },
    "@aws-cdk/aws-cloudformation": {
      "version": "1.22.0",
      "resolved": "https://registry.npmjs.org/@aws-cdk/aws-cloudformation/-/aws-cloudformation-1.22.0.tgz",
      "integrity": "sha512-v1zG3AUWR97u8i98WU44Ytm2tWkJspxzPe/uf6NOYlpWfz0jfyB3wSgGCjG2Vo4kKc4CzmSrCblKNbQMPhGqfA==",
      "requires": {
        "@aws-cdk/aws-iam": "1.22.0",
        "@aws-cdk/aws-lambda": "1.22.0",
        "@aws-cdk/aws-s3": "1.22.0",
        "@aws-cdk/aws-sns": "1.22.0",
        "@aws-cdk/core": "1.22.0",
        "@aws-cdk/cx-api": "1.22.0"
      }
    },
    "@aws-cdk/aws-cloudwatch": {
      "version": "1.22.0",
      "resolved": "https://registry.npmjs.org/@aws-cdk/aws-cloudwatch/-/aws-cloudwatch-1.22.0.tgz",
      "integrity": "sha512-Lgd3C8XuST2ApNRoXIIYGszjXHZKByFYI5/Nynkimw10fYksiMxDb4TjN2lzHWFFZeXqJlZL9kUIiEtyiZPDpg==",
      "requires": {
        "@aws-cdk/aws-iam": "1.22.0",
        "@aws-cdk/core": "1.22.0"
      }
    },
    "@aws-cdk/aws-dynamodb": {
      "version": "1.22.0",
      "resolved": "https://registry.npmjs.org/@aws-cdk/aws-dynamodb/-/aws-dynamodb-1.22.0.tgz",
      "integrity": "sha512-kUvzLJAvXhalCyIWaQknea8Gn2+VX+o03abmOSBgMROHOleBsL0ko65txXAc90znlPkbHnPqWf6kCy01LMJ31g==",
      "requires": {
        "@aws-cdk/aws-applicationautoscaling": "1.22.0",
        "@aws-cdk/aws-iam": "1.22.0",
        "@aws-cdk/core": "1.22.0"
      }
    },
    "@aws-cdk/aws-ec2": {
      "version": "1.22.0",
      "resolved": "https://registry.npmjs.org/@aws-cdk/aws-ec2/-/aws-ec2-1.22.0.tgz",
      "integrity": "sha512-N05VOmT7/v0YcziPRyl9EHdQzmo12hcm/1RAe/i7j4ZGrxuupBPY4LLHIrv+91k+Rd2zq8W1HyHbJx45U2iTxg==",
      "requires": {
        "@aws-cdk/aws-cloudwatch": "1.22.0",
        "@aws-cdk/aws-iam": "1.22.0",
        "@aws-cdk/aws-ssm": "1.22.0",
        "@aws-cdk/core": "1.22.0",
        "@aws-cdk/cx-api": "1.22.0"
      }
    },
    "@aws-cdk/aws-elasticloadbalancingv2": {
      "version": "1.22.0",
      "resolved": "https://registry.npmjs.org/@aws-cdk/aws-elasticloadbalancingv2/-/aws-elasticloadbalancingv2-1.22.0.tgz",
      "integrity": "sha512-0ICrLl2bzpbK41UqeNqme2cGJ84o50oimqgxxpPEnyblzLwsKToHR2hk/SMrFyRG78WCtFY1NDvHF2YHp/SzKA==",
      "requires": {
        "@aws-cdk/aws-certificatemanager": "1.22.0",
        "@aws-cdk/aws-cloudwatch": "1.22.0",
        "@aws-cdk/aws-ec2": "1.22.0",
        "@aws-cdk/aws-iam": "1.22.0",
        "@aws-cdk/aws-lambda": "1.22.0",
        "@aws-cdk/aws-s3": "1.22.0",
        "@aws-cdk/core": "1.22.0"
      }
    },
    "@aws-cdk/aws-events": {
      "version": "1.22.0",
      "resolved": "https://registry.npmjs.org/@aws-cdk/aws-events/-/aws-events-1.22.0.tgz",
      "integrity": "sha512-Ow0rys5s24/03RDCeP1LIiGYf0dkhsEy6lLNCSnBiF1FldnkpOflbsMkOe/mBqUDCmFHHeU7SxmIRTsgd6wI1g==",
      "requires": {
        "@aws-cdk/aws-iam": "1.22.0",
        "@aws-cdk/core": "1.22.0"
      }
    },
    "@aws-cdk/aws-iam": {
      "version": "1.22.0",
      "resolved": "https://registry.npmjs.org/@aws-cdk/aws-iam/-/aws-iam-1.22.0.tgz",
      "integrity": "sha512-5XNxgGmK3RVGfHbsTGGz6lN8F+jzHzIODIl4PTQwnBOfDRQ/kB/HI3bs0JnG2Se6I1PtU0ARuCj4GTU2OTvjhw==",
      "requires": {
        "@aws-cdk/core": "1.22.0",
        "@aws-cdk/region-info": "1.22.0"
      }
    },
    "@aws-cdk/aws-kms": {
      "version": "1.22.0",
      "resolved": "https://registry.npmjs.org/@aws-cdk/aws-kms/-/aws-kms-1.22.0.tgz",
      "integrity": "sha512-bkFMkp6I609O4x6AKHz4B8DK6zvRvbNCrKRIiNvFfibuN66ncgLeVjQXGfe51Nc3fSW8Xxa1cXyBuo24EiSq7A==",
      "requires": {
        "@aws-cdk/aws-iam": "1.22.0",
        "@aws-cdk/core": "1.22.0"
      }
    },
    "@aws-cdk/aws-lambda": {
      "version": "1.22.0",
      "resolved": "https://registry.npmjs.org/@aws-cdk/aws-lambda/-/aws-lambda-1.22.0.tgz",
      "integrity": "sha512-YIWy/52htcsK2tbeT0bcovwRU90+aH3BpqIfus7WF02csmn8J5i5n1oshOl+l8uG2gD3MtSZQXmIuxcJ0HsYkw==",
      "requires": {
        "@aws-cdk/aws-cloudwatch": "1.22.0",
        "@aws-cdk/aws-ec2": "1.22.0",
        "@aws-cdk/aws-events": "1.22.0",
        "@aws-cdk/aws-iam": "1.22.0",
        "@aws-cdk/aws-logs": "1.22.0",
        "@aws-cdk/aws-s3": "1.22.0",
        "@aws-cdk/aws-s3-assets": "1.22.0",
        "@aws-cdk/aws-sqs": "1.22.0",
        "@aws-cdk/core": "1.22.0",
        "@aws-cdk/cx-api": "1.22.0"
      }
    },
    "@aws-cdk/aws-logs": {
      "version": "1.22.0",
      "resolved": "https://registry.npmjs.org/@aws-cdk/aws-logs/-/aws-logs-1.22.0.tgz",
      "integrity": "sha512-IYg2Ll0B7eL5m6KhyPwcNl8413nmFWFFcEcTpPVRJpNWm7NdRMyDVX+XFteJJToYaGUDHdj1UiegOthxWYbgdA==",
      "requires": {
        "@aws-cdk/aws-cloudwatch": "1.22.0",
        "@aws-cdk/aws-iam": "1.22.0",
        "@aws-cdk/core": "1.22.0"
      }
    },
    "@aws-cdk/aws-route53": {
      "version": "1.22.0",
      "resolved": "https://registry.npmjs.org/@aws-cdk/aws-route53/-/aws-route53-1.22.0.tgz",
      "integrity": "sha512-h8BCEJNubp4kzJWyiTYOIltY/rke7dzR5XttwgPJ1GuaMG4CRLwhAjHDAse0bVbfcWqbodthO6tv5uJgSdQULA==",
      "requires": {
        "@aws-cdk/aws-ec2": "1.22.0",
        "@aws-cdk/aws-logs": "1.22.0",
        "@aws-cdk/core": "1.22.0",
        "@aws-cdk/cx-api": "1.22.0"
      }
    },
    "@aws-cdk/aws-s3": {
      "version": "1.22.0",
      "resolved": "https://registry.npmjs.org/@aws-cdk/aws-s3/-/aws-s3-1.22.0.tgz",
      "integrity": "sha512-yGWVowtM+eq/dvgYQZXnrI9ap6vSpPsADT+PpBqFeyb8ch9Knfye22ZZZiKKbaQpkAvqN5SdzMI9veWOMQ4Fgg==",
      "requires": {
        "@aws-cdk/aws-events": "1.22.0",
        "@aws-cdk/aws-iam": "1.22.0",
        "@aws-cdk/aws-kms": "1.22.0",
        "@aws-cdk/core": "1.22.0"
      }
    },
    "@aws-cdk/aws-s3-assets": {
      "version": "1.22.0",
      "resolved": "https://registry.npmjs.org/@aws-cdk/aws-s3-assets/-/aws-s3-assets-1.22.0.tgz",
      "integrity": "sha512-uj3sOe0Mq4I20Cli38gUeaH3iF1Wq3/DXetyhsbH+rmr/SfqFUhR8MpdTDYpMb1jUCw5/bfLDj9s4rEfvE0+zg==",
      "requires": {
        "@aws-cdk/assets": "1.22.0",
        "@aws-cdk/aws-iam": "1.22.0",
        "@aws-cdk/aws-s3": "1.22.0",
        "@aws-cdk/core": "1.22.0",
        "@aws-cdk/cx-api": "1.22.0"
      }
    },
    "@aws-cdk/aws-sns": {
      "version": "1.22.0",
      "resolved": "https://registry.npmjs.org/@aws-cdk/aws-sns/-/aws-sns-1.22.0.tgz",
      "integrity": "sha512-ECb9lgF7iobxCndNdDD0p8GJHsXn0dqHH+pObHMF+uhVU4vhkb232pcs6LGK7RLq8Fo7L4/exTOQo/BQyKutpA==",
      "requires": {
        "@aws-cdk/aws-cloudwatch": "1.22.0",
        "@aws-cdk/aws-events": "1.22.0",
        "@aws-cdk/aws-iam": "1.22.0",
        "@aws-cdk/aws-kms": "1.22.0",
        "@aws-cdk/core": "1.22.0"
      }
    },
    "@aws-cdk/aws-sqs": {
      "version": "1.22.0",
      "resolved": "https://registry.npmjs.org/@aws-cdk/aws-sqs/-/aws-sqs-1.22.0.tgz",
      "integrity": "sha512-sv14TN1OaC0SkekxrLh2p8Z4uqCRauZiJklG+0Tb+VUHCPZQTCUiyMlkKk2fOhOBU9zQC+MAo4O0Ck25n8Zh9Q==",
      "requires": {
        "@aws-cdk/aws-cloudwatch": "1.22.0",
        "@aws-cdk/aws-iam": "1.22.0",
        "@aws-cdk/aws-kms": "1.22.0",
        "@aws-cdk/core": "1.22.0"
      }
    },
    "@aws-cdk/aws-ssm": {
      "version": "1.22.0",
      "resolved": "https://registry.npmjs.org/@aws-cdk/aws-ssm/-/aws-ssm-1.22.0.tgz",
      "integrity": "sha512-F9NZHqasENpCplqvXs2q64Ribt2RDHtstBlHZiq2OzGyuXFqIwyZcpG1GgIjJUUclwNRmAAFZk4EudlKuJ6dnA==",
      "requires": {
        "@aws-cdk/aws-iam": "1.22.0",
        "@aws-cdk/aws-kms": "1.22.0",
        "@aws-cdk/core": "1.22.0",
        "@aws-cdk/cx-api": "1.22.0"
      }
    },
    "@aws-cdk/core": {
      "version": "1.22.0",
      "resolved": "https://registry.npmjs.org/@aws-cdk/core/-/core-1.22.0.tgz",
      "integrity": "sha512-SD0PIOEnZ97ghF4bIf097U9l9jPtPQ5u8Uv9Uh4VwwwIPR6H07O5Qpkoj6rUwSmXc6HUlBL9OKcVjW47kMorNQ==",
      "requires": {
        "@aws-cdk/cx-api": "1.22.0"
      }
    },
    "@aws-cdk/cx-api": {
      "version": "1.22.0",
      "resolved": "https://registry.npmjs.org/@aws-cdk/cx-api/-/cx-api-1.22.0.tgz",
      "integrity": "sha512-Pf1s+7sjjTBZbTZIdwwB2V+HU2MteXIUETGQOr+MLLMHqXhLTIh+kTrkdiHT2A3MQ6naZf7uP+cOlLQsHe2IlQ==",
      "requires": {
        "semver": "^7.1.1"
      },
      "dependencies": {
        "semver": {
          "version": "7.1.1",
          "bundled": true
        }
      }
    },
    "@aws-cdk/region-info": {
      "version": "1.22.0",
      "resolved": "https://registry.npmjs.org/@aws-cdk/region-info/-/region-info-1.22.0.tgz",
      "integrity": "sha512-9PTBQ8f87fCQM7v8602Ir6IZThAxPOZvkNILqsyyVVpAJeCeI4aDBC4H4hFfm02Igkx1VJUhiB+RdLMDSo0+HQ=="
    },
    "@types/node": {
      "version": "13.5.0",
      "resolved": "https://registry.npmjs.org/@types/node/-/node-13.5.0.tgz",
      "integrity": "sha512-Onhn+z72D2O2Pb2ql2xukJ55rglumsVo1H6Fmyi8mlU9SvKdBk/pUSUAiBY/d9bAOF7VVWajX3sths/+g6ZiAQ==",
      "dev": true
    },
    "typescript": {
      "version": "3.7.5",
      "resolved": "https://registry.npmjs.org/typescript/-/typescript-3.7.5.tgz",
      "integrity": "sha512-/P5lkRXkWHNAbcJIiHPfRoKqyd7bsyCma1hZNUGfn20qm64T6ZBlrzprymeu918H+mB/0rIg2gGK/BXkhhYgBw==",
      "dev": true
    }
  }
}
